[[package]]
name = "bump2version"
version = "1.0.1"
description = "Version-bump your software with a single command!"
category = "dev"
optional = false
python-versions = ">=3.5"

[[package]]
name = "bumpversion"
version = "0.6.0"
description = "Version-bump your software with a single command!"
category = "dev"
optional = false
python-versions = "*"

[package.dependencies]
bump2version = "*"

[metadata]
lock-version = "1.1"
python-versions = "^3.10"
content-hash = "20e5eba83a401c16f941d2226710abade0af3493a6b1478a7667e21916b1067a"

[metadata.files]
bump2version = [
    {file = "bump2version-1.0.1-py2.py3-none-any.whl", hash = "sha256:37f927ea17cde7ae2d7baf832f8e80ce3777624554a653006c9144f8017fe410"},
    {file = "bump2version-1.0.1.tar.gz", hash = "sha256:762cb2bfad61f4ec8e2bdf452c7c267416f8c70dd9ecb1653fd0bbb01fa936e6"},
]
bumpversion = [
    {file = "bumpversion-0.6.0-py2.py3-none-any.whl", hash = "sha256:4eb3267a38194d09f048a2179980bb4803701969bff2c85fa8f6d1ce050be15e"},
    {file = "bumpversion-0.6.0.tar.gz", hash = "sha256:4ba55e4080d373f80177b4dabef146c07ce73c7d1377aabf9d3c3ae1f94584a6"},
]
